github.com/MuhiaKevin/nummanip v1.0.1 h1:xvkSDtjQ51cC1ujq+14mPsImJam92C8U2QMlDHVALnQ=
github.com/MuhiaKevin/nummanip v1.0.1/go.mod h1:YY9ITm4BNbU2rWTFs3NgcHC/4CQIAdHBVg+6uJilINc=
github.com/MuhiaKevin/nummanip/v3 v3.0.0 h1:5ypehGRYmGFuxU4CVdYB7vFvm/fP4rhNSSbFiBHQKeY=
github.com/MuhiaKevin/nummanip/v3 v3.0.0/go.mod h1:s8TxDZn1CEXBpGMxSkB6LxjD+1Lm7avMUkSpYYeEQ38=
